{
  "name": "@flakeed/qr-code-generator",
  "version": "0.0.3",
  "lockfileVersion": 3,
  "requires": true,
  "packages": {
    "": {
      "name": "@flakeed/qr-code-generator",
      "version": "0.0.3",
      "dependencies": {
        "@deep-foundation/core": "^0.0.2"
      }
    },
    "node_modules/@deep-foundation/core": {
      "version": "0.0.2",
      "resolved": "https://registry.npmjs.org/@deep-foundation/core/-/core-0.0.2.tgz",
      "integrity": "sha512-fj6lUy8YB5NtlLdYnht0Knxb6w7Zpye+AEZLBsBzeb27HXGy2mFw2MNSuW76LiptWTIvChPjhOj3Mh6cHQHNEg=="
    }
  }
}
